
Microsoft Visual Studio Solution File, Format Version 12.00
# Visual Studio Version 16
VisualStudioVersion = 16.0.32002.261
MinimumVisualStudioVersion = 10.0.40219.1
Project("{FAE04EC0-301F-11D3-BF4B-00C04F79EFBC}") = "EcommerceApplication.Server", "EcommerceApplication\Server\EcommerceApplication.Server.csproj", "{6B6002F9-68D9-4888-B1DB-17760008ABB5}"
EndProject
Project("{FAE04EC0-301F-11D3-BF4B-00C04F79EFBC}") = "EcommerceApplication.Client", "EcommerceApplication\Client\EcommerceApplication.Client.csproj", "{FC11C2C2-AF30-4836-B28E-8D2146E69D93}"
EndProject
Project("{FAE04EC0-301F-11D3-BF4B-00C04F79EFBC}") = "EcommerceApplication.Shared", "EcommerceApplication\Shared\EcommerceApplication.Shared.csproj", "{777E0134-0B7F-4726-A48F-7C3EF30F469C}"
EndProject
Global
	GlobalSection(SolutionConfigurationPlatforms) = preSolution
		Debug|Any CPU = Debug|Any CPU
		Release|Any CPU = Release|Any CPU
	EndGlobalSection
	GlobalSection(ProjectConfigurationPlatforms) = postSolution
		{6B6002F9-68D9-4888-B1DB-17760008ABB5}.Debug|Any CPU.ActiveCfg = Debug|Any CPU
		{6B6002F9-68D9-4888-B1DB-17760008ABB5}.Debug|Any CPU.Build.0 = Debug|Any CPU
		{6B6002F9-68D9-4888-B1DB-17760008ABB5}.Release|Any CPU.ActiveCfg = Release|Any CPU
		{6B6002F9-68D9-4888-B1DB-17760008ABB5}.Release|Any CPU.Build.0 = Release|Any CPU
		{FC11C2C2-AF30-4836-B28E-8D2146E69D93}.Debug|Any CPU.ActiveCfg = Debug|Any CPU
		{FC11C2C2-AF30-4836-B28E-8D2146E69D93}.Debug|Any CPU.Build.0 = Debug|Any CPU
		{FC11C2C2-AF30-4836-B28E-8D2146E69D93}.Release|Any CPU.ActiveCfg = Release|Any CPU
		{FC11C2C2-AF30-4836-B28E-8D2146E69D93}.Release|Any CPU.Build.0 = Release|Any CPU
		{777E0134-0B7F-4726-A48F-7C3EF30F469C}.Debug|Any CPU.ActiveCfg = Debug|Any CPU
		{777E0134-0B7F-4726-A48F-7C3EF30F469C}.Debug|Any CPU.Build.0 = Debug|Any CPU
		{777E0134-0B7F-4726-A48F-7C3EF30F469C}.Release|Any CPU.ActiveCfg = Release|Any CPU
		{777E0134-0B7F-4726-A48F-7C3EF30F469C}.Release|Any CPU.Build.0 = Release|Any CPU
	EndGlobalSection
	GlobalSection(SolutionProperties) = preSolution
		HideSolutionNode = FALSE
	EndGlobalSection
	GlobalSection(ExtensibilityGlobals) = postSolution
		SolutionGuid = {4F34127F-2F14-4240-97B5-2BAF5FB4E66F}
	EndGlobalSection
EndGlobal
